
Microsoft Visual Studio Solution File, Format Version 12.00
# Visual Studio Version 16
VisualStudioVersion = 16.0.29609.76
MinimumVisualStudioVersion = 10.0.40219.1
Project("{FAE04EC0-301F-11D3-BF4B-00C04F79EFBC}") = "ImportPattern", "ImportPattern.csproj", "{FF51D2B4-A0CA-4576-AD4B-D953947BFD86}"
EndProject
Global
	GlobalSection(SolutionConfigurationPlatforms) = preSolution
		Debug|Any CPU = Debug|Any CPU
		Release|Any CPU = Release|Any CPU
	EndGlobalSection
	GlobalSection(ProjectConfigurationPlatforms) = postSolution
		{FF51D2B4-A0CA-4576-AD4B-D953947BFD86}.Debug|Any CPU.ActiveCfg = Debug|Any CPU
		{FF51D2B4-A0CA-4576-AD4B-D953947BFD86}.Debug|Any CPU.Build.0 = Debug|Any CPU
		{FF51D2B4-A0CA-4576-AD4B-D953947BFD86}.Release|Any CPU.ActiveCfg = Release|Any CPU
		{FF51D2B4-A0CA-4576-AD4B-D953947BFD86}.Release|Any CPU.Build.0 = Release|Any CPU
	EndGlobalSection
	GlobalSection(SolutionProperties) = preSolution
		HideSolutionNode = FALSE
	EndGlobalSection
	GlobalSection(ExtensibilityGlobals) = postSolution
		SolutionGuid = {A7214F20-9475-4867-9249-0D0771DB2F73}
	EndGlobalSection
EndGlobal
